
Microsoft Visual Studio Solution File, Format Version 12.00
# Visual Studio Version 17
VisualStudioVersion = 17.8.34511.84
MinimumVisualStudioVersion = 10.0.40219.1
Project("{FAE04EC0-301F-11D3-BF4B-00C04F79EFBC}") = "Zero_hunger", "Zero_hunger\Zero_hunger.csproj", "{16FE2050-3528-42C3-840D-85F51EA5BBDF}"
EndProject
Global
	GlobalSection(SolutionConfigurationPlatforms) = preSolution
		Debug|Any CPU = Debug|Any CPU
		Release|Any CPU = Release|Any CPU
	EndGlobalSection
	GlobalSection(ProjectConfigurationPlatforms) = postSolution
		{16FE2050-3528-42C3-840D-85F51EA5BBDF}.Debug|Any CPU.ActiveCfg = Debug|Any CPU
		{16FE2050-3528-42C3-840D-85F51EA5BBDF}.Debug|Any CPU.Build.0 = Debug|Any CPU
		{16FE2050-3528-42C3-840D-85F51EA5BBDF}.Release|Any CPU.ActiveCfg = Release|Any CPU
		{16FE2050-3528-42C3-840D-85F51EA5BBDF}.Release|Any CPU.Build.0 = Release|Any CPU
	EndGlobalSection
	GlobalSection(SolutionProperties) = preSolution
		HideSolutionNode = FALSE
	EndGlobalSection
	GlobalSection(ExtensibilityGlobals) = postSolution
		SolutionGuid = {BC4DAA67-EC88-498C-9291-2D1AC400754A}
	EndGlobalSection
EndGlobal
